
Microsoft Visual Studio Solution File, Format Version 12.00
# Visual Studio Version 17
VisualStudioVersion = 17.5.002.0
MinimumVisualStudioVersion = 10.0.40219.1
Project("{9A19103F-16F7-4668-BE54-9A1E7A4F7556}") = "Projeto", "Projeto.csproj", "{507E99E3-599A-437C-AF39-6117D297F846}"
EndProject
Global
	GlobalSection(SolutionConfigurationPlatforms) = preSolution
		Debug|Any CPU = Debug|Any CPU
		Release|Any CPU = Release|Any CPU
	EndGlobalSection
	GlobalSection(ProjectConfigurationPlatforms) = postSolution
		{507E99E3-599A-437C-AF39-6117D297F846}.Debug|Any CPU.ActiveCfg = Debug|Any CPU
		{507E99E3-599A-437C-AF39-6117D297F846}.Debug|Any CPU.Build.0 = Debug|Any CPU
		{507E99E3-599A-437C-AF39-6117D297F846}.Release|Any CPU.ActiveCfg = Release|Any CPU
		{507E99E3-599A-437C-AF39-6117D297F846}.Release|Any CPU.Build.0 = Release|Any CPU
	EndGlobalSection
	GlobalSection(SolutionProperties) = preSolution
		HideSolutionNode = FALSE
	EndGlobalSection
	GlobalSection(ExtensibilityGlobals) = postSolution
		SolutionGuid = {5526E27F-49F1-44E1-89D9-3BE16C1EAA3E}
	EndGlobalSection
EndGlobal
